#MicroXplorer Configuration settings - do not modify
ADC1.Channel-1\#ChannelRegularConversion=ADC_CHANNEL_0
ADC1.CommonPathInternal=ADC_INTERNAL_NONE
ADC1.IPParameters=Rank-1\#ChannelRegularConversion,master,Channel-1\#ChannelRegularConversion,SamplingTime-1\#ChannelRegularConversion,OffsetNumber-1\#ChannelRegularConversion,NbrOfConversionFlag,CommonPathInternal
ADC1.NbrOfConversionFlag=1
ADC1.OffsetNumber-1\#ChannelRegularConversion=ADC_OFFSET_4
ADC1.Rank-1\#ChannelRegularConversion=1
ADC1.SamplingTime-1\#ChannelRegularConversion=ADC_SAMPLETIME_1CYCLE_5
ADC1.master=1
AppliNonSecure.IPs=CORTEX_M55_NS,GPDMA1\:I,HDP,HPDMA1\:I,LINKEDLIST,RCC,SYS\:I,GPIO\:I,NVIC2\:I,STMicroelectronics.X-CUBE-ALGOBUILD.1.4.0_AppNS\:I,MEMORYMAP
AppliSecure.IPs=CORTEX_M55_S,GPDMA1,HPDMA1,LINKEDLIST,RCC,RIF,SAU,GPIO,NVIC1\:I
CAD.formats=
CAD.pinconfig=
CAD.provider=
CORTEX_M55_FSBL.CPU_DCache=Enabled
CORTEX_M55_FSBL.CPU_ICache=Enabled
CORTEX_M55_FSBL.IPParameters=CPU_ICache,CPU_DCache
ExtMemLoader.IPs=EXTMEM_LOADER,EXTMEM_MANAGER,RCC\:I,GPIO
FDCAN1.DataSyncJumpWidth=15
FDCAN1.DataTimeSeg1=16
FDCAN1.DataTimeSeg2=15
FDCAN1.IPParameters=NominalPrescaler,TxFifoQueueElmtsNbr,RxFifo0ElmtsNbr,TxEventsNbr,TxBuffersNbr,DataTimeSeg1,DataTimeSeg2,NominalTimeSeg1,NominalTimeSeg2,NominalSyncJumpWidth,DataSyncJumpWidth,RxBuffersNbr,RxFifo1ElmtsNbr
FDCAN1.NominalPrescaler=1
FDCAN1.NominalSyncJumpWidth=5
FDCAN1.NominalTimeSeg1=26
FDCAN1.NominalTimeSeg2=5
FDCAN1.RxBuffersNbr=0
FDCAN1.RxFifo0ElmtsNbr=8
FDCAN1.RxFifo1ElmtsNbr=0
FDCAN1.TxBuffersNbr=4
FDCAN1.TxEventsNbr=0
FDCAN1.TxFifoQueueElmtsNbr=8
FDCAN2.DataSyncJumpWidth=15
FDCAN2.DataTimeSeg1=16
FDCAN2.DataTimeSeg2=15
FDCAN2.IPParameters=NominalSyncJumpWidth,DataSyncJumpWidth,DataTimeSeg1,DataTimeSeg2,RxBuffersNbr,TxBuffersNbr,NominalPrescaler,NominalTimeSeg1,NominalTimeSeg2,MessageRAMOffset,TxFifoQueueElmtsNbr,RxFifo0ElmtsNbr
FDCAN2.MessageRAMOffset=1024
FDCAN2.NominalPrescaler=1
FDCAN2.NominalSyncJumpWidth=5
FDCAN2.NominalTimeSeg1=26
FDCAN2.NominalTimeSeg2=5
FDCAN2.RxBuffersNbr=0
FDCAN2.RxFifo0ElmtsNbr=8
FDCAN2.TxBuffersNbr=4
FDCAN2.TxFifoQueueElmtsNbr=8
FDCAN3.DataSyncJumpWidth=15
FDCAN3.DataTimeSeg1=16
FDCAN3.DataTimeSeg2=15
FDCAN3.IPParameters=NominalPrescaler,NominalTimeSeg1,NominalTimeSeg2,NominalSyncJumpWidth,DataSyncJumpWidth,DataTimeSeg1,DataTimeSeg2,RxBuffersNbr,TxBuffersNbr,MessageRAMOffset,TxFifoQueueElmtsNbr,RxFifo0ElmtsNbr
FDCAN3.MessageRAMOffset=2048
FDCAN3.NominalPrescaler=1
FDCAN3.NominalSyncJumpWidth=5
FDCAN3.NominalTimeSeg1=26
FDCAN3.NominalTimeSeg2=5
FDCAN3.RxBuffersNbr=0
FDCAN3.RxFifo0ElmtsNbr=8
FDCAN3.TxBuffersNbr=4
FDCAN3.TxFifoQueueElmtsNbr=8
FSBL.IPs=CORTEX_M55_FSBL,GPDMA1,HDP,HPDMA1,LINKEDLIST,RCC,GPIO,NVIC\:I,SPI1,SPI5,DEBUG,TIM1,TIM2,FDCAN1\:I,FDCAN2,FDCAN3,XSPIM,XSPI2,ADC1,ADC2,TIM3,TIM4,TIM5,TIM9,TIM6
FSBL.Pins=PD3,PC14-OSC32_IN(OSC32_IN),PE9,PF6,PF2,PF8
File.Version=6
GPDMA1.DATAHANDLING_GPDMACH0=NONE
GPDMA1.DESTINC_GPDMACH0=DMA_DINC_INCREMENTED
GPDMA1.DESTINC_GPDMACH2=DMA_DINC_INCREMENTED
GPDMA1.DIRECTION_GPDMACH1=DMA_MEMORY_TO_PERIPH
GPDMA1.DIRECTION_GPDMACH3=DMA_MEMORY_TO_PERIPH
GPDMA1.IPHANDLE_GPDMACH0-SIMPLEREQUEST_GPDMACH0=__NULL
GPDMA1.IPHANDLE_GPDMACH1-SIMPLEREQUEST_GPDMACH1=__NULL
GPDMA1.IPHANDLE_GPDMACH2-SIMPLEREQUEST_GPDMACH2=__NULL
GPDMA1.IPHANDLE_GPDMACH3-SIMPLEREQUEST_GPDMACH3=__NULL
GPDMA1.IPParameters=IPHANDLE_GPDMACH0-SIMPLEREQUEST_GPDMACH0,REQUEST_GPDMACH0,IPHANDLE_GPDMACH1-SIMPLEREQUEST_GPDMACH1,REQUEST_GPDMACH1,DIRECTION_GPDMACH1,IPHANDLE_GPDMACH2-SIMPLEREQUEST_GPDMACH2,REQUEST_GPDMACH2,IPHANDLE_GPDMACH3-SIMPLEREQUEST_GPDMACH3,REQUEST_GPDMACH3,DIRECTION_GPDMACH3,SRCINC_GPDMACH0,SRCINC_GPDMACH1,DESTINC_GPDMACH0,DATAHANDLING_GPDMACH0,DESTINC_GPDMACH2,SRCINC_GPDMACH3
GPDMA1.REQUEST_GPDMACH0=GPDMA1_REQUEST_SPI1_RX
GPDMA1.REQUEST_GPDMACH1=GPDMA1_REQUEST_SPI1_TX
GPDMA1.REQUEST_GPDMACH2=GPDMA1_REQUEST_SPI5_RX
GPDMA1.REQUEST_GPDMACH3=GPDMA1_REQUEST_SPI5_TX
GPDMA1.SRCINC_GPDMACH0=DMA_SINC_FIXED
GPDMA1.SRCINC_GPDMACH1=DMA_SINC_INCREMENTED
GPDMA1.SRCINC_GPDMACH3=DMA_SINC_INCREMENTED
GPIO.groupedBy=Group By Peripherals
KeepUserPlacement=false
MMTAppReg1.MEMORYMAP.AppRegionName=RAM
MMTAppReg1.MEMORYMAP.ContextName=FSBL
MMTAppReg1.MEMORYMAP.CoreName=ARM Cortex-M55
MMTAppReg1.MEMORYMAP.DefaultDataRegion=true
MMTAppReg1.MEMORYMAP.IPParameters=StartAddress,Size,CoreName,DefaultDataRegion,Security,ContextName,Name
MMTAppReg1.MEMORYMAP.Name=RAM
MMTAppReg1.MEMORYMAP.Security=S
MMTAppReg1.MEMORYMAP.Size=262144
MMTAppReg1.MEMORYMAP.StartAddress=0x341C0000
MMTAppReg10.MEMORYMAP.AppRegionName=FLASH (NS) Reserved Alias Region
MMTAppReg10.MEMORYMAP.CoreName=ARM Cortex-M55
MMTAppReg10.MEMORYMAP.DefaultDataRegion=false
MMTAppReg10.MEMORYMAP.IPParameters=StartAddress,Size,CoreName,DefaultDataRegion,ReservedRegion,Name
MMTAppReg10.MEMORYMAP.Name=FLASH (NS) Reserved Alias Region
MMTAppReg10.MEMORYMAP.ReservedRegion=true
MMTAppReg10.MEMORYMAP.Size=523264
MMTAppReg10.MEMORYMAP.StartAddress=0x34100400
MMTAppReg2.MEMORYMAP.AppRegionName=FLASH
MMTAppReg2.MEMORYMAP.ContextName=FSBL
MMTAppReg2.MEMORYMAP.CoreName=ARM Cortex-M55
MMTAppReg2.MEMORYMAP.DefaultCodeRegion=true
MMTAppReg2.MEMORYMAP.DefaultDataRegion=false
MMTAppReg2.MEMORYMAP.IPParameters=StartAddress,Size,CoreName,DefaultDataRegion,Security,ContextName,Name,DefaultCodeRegion,ISRRegion,RootBootRegion
MMTAppReg2.MEMORYMAP.ISRRegion=true
MMTAppReg2.MEMORYMAP.Name=FLASH
MMTAppReg2.MEMORYMAP.RootBootRegion=true
MMTAppReg2.MEMORYMAP.Security=S
MMTAppReg2.MEMORYMAP.Size=261120
MMTAppReg2.MEMORYMAP.StartAddress=0x34180400
MMTAppReg3.MEMORYMAP.AppRegionName=RAM
MMTAppReg3.MEMORYMAP.ContextName=AppliSecure
MMTAppReg3.MEMORYMAP.CoreName=ARM Cortex-M55
MMTAppReg3.MEMORYMAP.DefaultDataRegion=true
MMTAppReg3.MEMORYMAP.IPParameters=StartAddress,Size,CoreName,DefaultDataRegion,Security,ContextName,Name
MMTAppReg3.MEMORYMAP.Name=RAM
MMTAppReg3.MEMORYMAP.Security=S
MMTAppReg3.MEMORYMAP.Size=638976
MMTAppReg3.MEMORYMAP.StartAddress=0x34064000
MMTAppReg4.MEMORYMAP.AppRegionName=RAM (S) Reserved Alias Region
MMTAppReg4.MEMORYMAP.CoreName=ARM Cortex-M55
MMTAppReg4.MEMORYMAP.DefaultDataRegion=false
MMTAppReg4.MEMORYMAP.IPParameters=StartAddress,Size,CoreName,DefaultDataRegion,ReservedRegion,Name
MMTAppReg4.MEMORYMAP.Name=RAM (S) Reserved Alias Region
MMTAppReg4.MEMORYMAP.ReservedRegion=true
MMTAppReg4.MEMORYMAP.Size=638976
MMTAppReg4.MEMORYMAP.StartAddress=0x24064000
MMTAppReg5.MEMORYMAP.AppRegionName=FLASH
MMTAppReg5.MEMORYMAP.ContextName=AppliSecure
MMTAppReg5.MEMORYMAP.CoreName=ARM Cortex-M55
MMTAppReg5.MEMORYMAP.DefaultCodeRegion=true
MMTAppReg5.MEMORYMAP.DefaultDataRegion=false
MMTAppReg5.MEMORYMAP.IPParameters=StartAddress,Size,CoreName,DefaultDataRegion,Security,ContextName,Name,DefaultCodeRegion,ISRRegion,RootBootRegion
MMTAppReg5.MEMORYMAP.ISRRegion=true
MMTAppReg5.MEMORYMAP.Name=FLASH
MMTAppReg5.MEMORYMAP.RootBootRegion=true
MMTAppReg5.MEMORYMAP.Security=S
MMTAppReg5.MEMORYMAP.Size=408576
MMTAppReg5.MEMORYMAP.StartAddress=0x34000400
MMTAppReg6.MEMORYMAP.AppRegionName=FLASH (S) Reserved Alias Region
MMTAppReg6.MEMORYMAP.CoreName=ARM Cortex-M55
MMTAppReg6.MEMORYMAP.DefaultDataRegion=false
MMTAppReg6.MEMORYMAP.IPParameters=StartAddress,Size,CoreName,DefaultDataRegion,ReservedRegion,Name
MMTAppReg6.MEMORYMAP.Name=FLASH (S) Reserved Alias Region
MMTAppReg6.MEMORYMAP.ReservedRegion=true
MMTAppReg6.MEMORYMAP.Size=408576
MMTAppReg6.MEMORYMAP.StartAddress=0x24000400
MMTAppReg7.MEMORYMAP.AppRegionName=RAM
MMTAppReg7.MEMORYMAP.ContextName=AppliNonSecure
MMTAppReg7.MEMORYMAP.CoreName=ARM Cortex-M55
MMTAppReg7.MEMORYMAP.DefaultDataRegion=true
MMTAppReg7.MEMORYMAP.IPParameters=StartAddress,Size,CoreName,DefaultDataRegion,ContextName,Name
MMTAppReg7.MEMORYMAP.Name=RAM
MMTAppReg7.MEMORYMAP.Size=524288
MMTAppReg7.MEMORYMAP.StartAddress=0x24180000
MMTAppReg8.MEMORYMAP.AppRegionName=RAM (NS) Reserved Alias Region
MMTAppReg8.MEMORYMAP.CoreName=ARM Cortex-M55
MMTAppReg8.MEMORYMAP.DefaultDataRegion=false
MMTAppReg8.MEMORYMAP.IPParameters=StartAddress,Size,CoreName,DefaultDataRegion,ReservedRegion,Name
MMTAppReg8.MEMORYMAP.Name=RAM (NS) Reserved Alias Region
MMTAppReg8.MEMORYMAP.ReservedRegion=true
MMTAppReg8.MEMORYMAP.Size=524288
MMTAppReg8.MEMORYMAP.StartAddress=0x34180000
MMTAppReg9.MEMORYMAP.AppRegionName=FLASH
MMTAppReg9.MEMORYMAP.ContextName=AppliNonSecure
MMTAppReg9.MEMORYMAP.CoreName=ARM Cortex-M55
MMTAppReg9.MEMORYMAP.DefaultCodeRegion=true
MMTAppReg9.MEMORYMAP.DefaultDataRegion=false
MMTAppReg9.MEMORYMAP.IPParameters=StartAddress,Size,CoreName,DefaultDataRegion,ContextName,Name,DefaultCodeRegion,ISRRegion,RootBootRegion
MMTAppReg9.MEMORYMAP.ISRRegion=true
MMTAppReg9.MEMORYMAP.Name=FLASH
MMTAppReg9.MEMORYMAP.RootBootRegion=true
MMTAppReg9.MEMORYMAP.Size=523264
MMTAppReg9.MEMORYMAP.StartAddress=0x24100400
MMTAppRegionsCount=10
MMTConfigApplied=false
MMTSectionSuffix=
Mcu.CPN=STM32N647I0H3Q
Mcu.Context0=FSBL
Mcu.Context1=AppliSecure
Mcu.Context2=AppliNonSecure
Mcu.Context3=ExtMemLoader
Mcu.ContextNb=4
Mcu.ContextProject=SecureNSecure
Mcu.Family=STM32N6
Mcu.IP0=ADC1
Mcu.IP1=CORTEX_M55_FSBL
Mcu.IP10=NVIC1
Mcu.IP11=NVIC2
Mcu.IP12=NVIC
Mcu.IP13=RCC
Mcu.IP14=RIF
Mcu.IP15=SPI1
Mcu.IP16=SPI5
Mcu.IP17=SYS
Mcu.IP18=TIM1
Mcu.IP19=TIM2
Mcu.IP2=CORTEX_M55_NS
Mcu.IP20=TIM3
Mcu.IP21=TIM4
Mcu.IP22=TIM5
Mcu.IP23=TIM6
Mcu.IP24=TIM9
Mcu.IP25=XSPI2
Mcu.IP26=XSPIM
Mcu.IP3=CORTEX_M55_S
Mcu.IP4=DEBUG
Mcu.IP5=FDCAN1
Mcu.IP6=FDCAN2
Mcu.IP7=FDCAN3
Mcu.IP8=GPDMA1
Mcu.IP9=MEMORYMAP
Mcu.IPNb=27
Mcu.Name=STM32N647I0HxQ
Mcu.Package=VFBGA178
Mcu.Pin0=PH1-OSC_OUT(PH1)
Mcu.Pin1=PD0
Mcu.Pin10=PF6
Mcu.Pin11=PN4
Mcu.Pin12=PN8
Mcu.Pin13=PF2
Mcu.Pin14=PF14
Mcu.Pin15=PF15
Mcu.Pin16=PF7
Mcu.Pin17=PN6
Mcu.Pin18=PN5
Mcu.Pin19=PF8
Mcu.Pin2=PD3
Mcu.Pin20=PF12
Mcu.Pin21=PB4(NJTRST)
Mcu.Pin22=PN2
Mcu.Pin23=PN9
Mcu.Pin24=PB12
Mcu.Pin25=PB5(JTDO/TRACESWO)
Mcu.Pin26=PN0
Mcu.Pin27=PN10
Mcu.Pin28=PG10
Mcu.Pin29=PN3
Mcu.Pin3=PC14-OSC32_IN(OSC32_IN)
Mcu.Pin30=PN11
Mcu.Pin31=PA14(JTCK/SWCLK)
Mcu.Pin32=PA13(JTMS/SWDIO)
Mcu.Pin33=PA0
Mcu.Pin34=PN1
Mcu.Pin35=VP_GPDMA1_VS_GPDMACH0
Mcu.Pin36=VP_GPDMA1_VS_GPDMACH1
Mcu.Pin37=VP_GPDMA1_VS_GPDMACH2
Mcu.Pin38=VP_GPDMA1_VS_GPDMACH3
Mcu.Pin39=VP_RIF_VS_RIF1
Mcu.Pin4=PH0-OSC_IN(PH0)
Mcu.Pin40=VP_SYS_VS_Systick
Mcu.Pin41=VP_TIM1_VS_ClockSourceINT
Mcu.Pin42=VP_TIM2_VS_ClockSourceINT
Mcu.Pin43=VP_TIM3_VS_ClockSourceINT
Mcu.Pin44=VP_TIM4_VS_ClockSourceINT
Mcu.Pin45=VP_TIM5_VS_ClockSourceINT
Mcu.Pin46=VP_TIM6_VS_ClockSourceINT
Mcu.Pin47=VP_TIM9_VS_ClockSourceINT
Mcu.Pin48=VP_XSPI2_VS_octo
Mcu.Pin49=VP_XSPIM_VS_IO
Mcu.Pin5=PE11
Mcu.Pin50=VP_MEMORYMAP_VS_MEMORYMAP
Mcu.Pin51=VP_STMicroelectronics.X-CUBE-ALGOBUILD_AppNS_VS_DSPOoLibraryJjLibrary_1.4.0_1.4.0
Mcu.Pin6=PD1
Mcu.Pin7=PE9
Mcu.Pin8=PE12
Mcu.Pin9=PF4
Mcu.PinsNb=52
Mcu.ThirdParty0=STMicroelectronics.X-CUBE-ALGOBUILD.1.4.0
Mcu.ThirdParty0_ContextShortName=AppNS
Mcu.ThirdParty0_Instance=STMicroelectronics.X-CUBE-ALGOBUILD.1.4.0_AppNS
Mcu.ThirdPartyNb=1
Mcu.UserConstants=
Mcu.UserName=STM32N647I0HxQ
MxCube.Version=6.16.1
MxDb.Version=DB.6.0.161
NVIC.BFHFNMINS=0
NVIC.BusFault_IRQn=true\:0\:0\:false\:false\:true\:false\:false\:false
NVIC.DebugMonitor_IRQn=true\:0\:0\:false\:false\:true\:false\:false\:false
NVIC.FDCAN1_IT0_IRQn=true\:0\:0\:false\:false\:true\:true\:true\:true
NVIC.FDCAN2_IT0_IRQn=true\:0\:0\:false\:false\:true\:true\:true\:true
NVIC.FDCAN3_IT0_IRQn=true\:0\:0\:false\:false\:true\:true\:true\:true
NVIC.ForceEnableDMAVector=true
NVIC.GPDMA1_Channel0_IRQn=true\:0\:0\:false\:false\:true\:false\:true\:true
NVIC.GPDMA1_Channel1_IRQn=true\:0\:0\:false\:false\:true\:false\:true\:true
NVIC.GPDMA1_Channel2_IRQn=true\:0\:0\:false\:false\:true\:false\:true\:true
NVIC.GPDMA1_Channel3_IRQn=true\:0\:0\:false\:false\:true\:false\:true\:true
NVIC.HardFault_IRQn=true\:0\:0\:false\:false\:true\:false\:false\:false
NVIC.MemoryManagement_IRQn=true\:0\:0\:false\:false\:true\:false\:false\:false
NVIC.NonMaskableInt_IRQn=true\:0\:0\:false\:false\:true\:false\:false\:false
NVIC.PRIS=0
NVIC.PendSV_IRQn=true\:0\:0\:false\:false\:true\:false\:false\:false
NVIC.PriorityGroup=NVIC_PRIORITYGROUP_4
NVIC.SPI1_IRQn=true\:0\:0\:false\:false\:true\:true\:true\:true
NVIC.SPI5_IRQn=true\:0\:0\:false\:false\:true\:true\:true\:true
NVIC.SVCall_IRQn=true\:0\:0\:false\:false\:true\:false\:false\:false
NVIC.SecureFault_IRQn=true\:0\:0\:false\:false\:true\:false\:false\:false
NVIC.SysTick_IRQn=true\:15\:0\:false\:false\:true\:false\:true\:false
NVIC.TIM3_IRQn=true\:0\:0\:false\:false\:true\:true\:true\:true
NVIC.UsageFault_IRQn=true\:0\:0\:false\:false\:true\:false\:false\:false
NVIC1.BFHFNMINS=0
NVIC1.BusFault_IRQn=true\:0\:0\:false\:false\:true\:false\:false\:false
NVIC1.DebugMonitor_IRQn=true\:0\:0\:false\:false\:true\:false\:false\:false
NVIC1.ForceEnableDMAVector=true
NVIC1.HardFault_IRQn=true\:0\:0\:false\:false\:true\:false\:false\:false
NVIC1.MemoryManagement_IRQn=true\:0\:0\:false\:false\:true\:false\:false\:false
NVIC1.NonMaskableInt_IRQn=true\:0\:0\:false\:false\:true\:false\:false\:false
NVIC1.PRIS=0
NVIC1.PendSV_IRQn=true\:0\:0\:false\:false\:true\:false\:false\:false
NVIC1.PriorityGroup=NVIC_PRIORITYGROUP_4
NVIC1.SVCall_IRQn=true\:0\:0\:false\:false\:true\:false\:false\:false
NVIC1.SecureFault_IRQn=true\:0\:0\:false\:false\:true\:false\:false\:false
NVIC1.SysTick_IRQn=true\:15\:0\:false\:false\:true\:false\:true\:false
NVIC1.UsageFault_IRQn=true\:0\:0\:false\:false\:true\:false\:false\:false
NVIC2.BFHFNMINS=0
NVIC2.ForceEnableDMAVector=true
NVIC2.MemoryManagement_IRQn=true\:0\:0\:false\:false\:true\:false\:false\:false
NVIC2.PRIS=0
NVIC2.PendSV_IRQn=true\:0\:0\:false\:false\:true\:false\:false\:false
NVIC2.PriorityGroup=NVIC_PRIORITYGROUP_4
NVIC2.SVCall_IRQn=true\:0\:0\:false\:false\:true\:false\:false\:false
NVIC2.SecureFault_IRQn=true\:0\:0\:false\:false\:true\:false\:false\:false
NVIC2.SysTick_IRQn=true\:15\:0\:false\:false\:true\:false\:true\:false
NVIC2.UsageFault_IRQn=true\:0\:0\:false\:false\:true\:false\:false\:false
PA0.GPIOParameters=PinAttribute
PA0.Mode=IN0-Single-Ended
PA0.PinAttribute=FSBL
PA0.Signal=ADC1_INP0
PA13(JTMS/SWDIO).GPIOParameters=PinAttribute
PA13(JTMS/SWDIO).Mode=Serial_Wire
PA13(JTMS/SWDIO).PinAttribute=FSBL
PA13(JTMS/SWDIO).Signal=DEBUG_JTMS-SWDIO
PA14(JTCK/SWCLK).GPIOParameters=PinAttribute
PA14(JTCK/SWCLK).Mode=Serial_Wire
PA14(JTCK/SWCLK).PinAttribute=FSBL
PA14(JTCK/SWCLK).Signal=DEBUG_JTCK-SWCLK
PB12.GPIOParameters=PinAttribute
PB12.Mode=FDCAN_Activate
PB12.PinAttribute=FSBL
PB12.Signal=FDCAN2_RX
PB4(NJTRST).GPIOParameters=PinAttribute
PB4(NJTRST).Locked=true
PB4(NJTRST).Mode=Full_Duplex_Slave
PB4(NJTRST).PinAttribute=FSBL
PB4(NJTRST).Signal=SPI1_MISO
PB5(JTDO/TRACESWO).GPIOParameters=PinAttribute
PB5(JTDO/TRACESWO).Mode=Full_Duplex_Slave
PB5(JTDO/TRACESWO).PinAttribute=FSBL
PB5(JTDO/TRACESWO).Signal=SPI1_MOSI
PC14-OSC32_IN(OSC32_IN).ContextOwner=FSBL
PC14-OSC32_IN(OSC32_IN).GPIOParameters=PinState,PinAttribute
PC14-OSC32_IN(OSC32_IN).Locked=true
PC14-OSC32_IN(OSC32_IN).PinAttribute=FSBL
PC14-OSC32_IN(OSC32_IN).PinState=GPIO_PIN_SET
PC14-OSC32_IN(OSC32_IN).Signal=GPIO_Output
PCC.Checker=false
PCC.Line=STM32N6x7
PCC.MCU=STM32N647I0HxQ
PCC.PartNumber=STM32N647I0HxQ
PCC.Series=STM32N6
PCC.Temperature=25
PCC.Vdd=1.8
PD0.GPIOParameters=PinAttribute
PD0.Mode=FDCAN_Activate
PD0.PinAttribute=FSBL
PD0.Signal=FDCAN1_RX
PD1.GPIOParameters=PinAttribute
PD1.Locked=true
PD1.Mode=FDCAN_Activate
PD1.PinAttribute=FSBL
PD1.Signal=FDCAN1_TX
PD3.ContextOwner=FSBL
PD3.GPIOParameters=PinAttribute
PD3.Locked=true
PD3.PinAttribute=FSBL
PD3.Signal=GPIO_Output
PE11.GPIOParameters=PinAttribute
PE11.Mode=FDCAN_Activate
PE11.PinAttribute=FSBL
PE11.Signal=FDCAN3_TX
PE12.GPIOParameters=PinAttribute
PE12.Mode=FDCAN_Activate
PE12.PinAttribute=FSBL
PE12.Signal=FDCAN3_RX
PE9.ContextOwner=FSBL
PE9.GPIOParameters=PinAttribute
PE9.Locked=true
PE9.PinAttribute=FSBL
PE9.Signal=GPIO_Output
PF12.GPIOParameters=PinAttribute
PF12.Locked=true
PF12.Mode=Full_Duplex_Master
PF12.PinAttribute=FSBL
PF12.Signal=SPI5_MISO
PF14.GPIOParameters=GPIO_PuPd,PinAttribute
PF14.GPIO_PuPd=GPIO_PULLUP
PF14.Mode=Full_Duplex_Master
PF14.PinAttribute=FSBL
PF14.Signal=SPI5_MOSI
PF15.GPIOParameters=GPIO_PuPd,PinAttribute
PF15.GPIO_PuPd=GPIO_PULLUP
PF15.Locked=true
PF15.Mode=Full_Duplex_Master
PF15.PinAttribute=FSBL
PF15.Signal=SPI5_SCK
PF2.ContextOwner=FSBL
PF2.GPIOParameters=PinState,PinAttribute
PF2.Locked=true
PF2.PinAttribute=FSBL
PF2.PinState=GPIO_PIN_SET
PF2.Signal=GPIO_Output
PF4.GPIOParameters=PinAttribute
PF4.Mode=NSS_Signal_Hard_Input
PF4.PinAttribute=FSBL
PF4.Signal=SPI1_NSS
PF6.ContextOwner=FSBL
PF6.GPIOParameters=PinAttribute
PF6.Locked=true
PF6.PinAttribute=FSBL
PF6.Signal=GPIO_Output
PF7.GPIOParameters=PinAttribute
PF7.Mode=Full_Duplex_Slave
PF7.PinAttribute=FSBL
PF7.Signal=SPI1_SCK
PF8.ContextOwner=FSBL
PF8.GPIOParameters=PinState,PinAttribute
PF8.Locked=true
PF8.PinAttribute=FSBL
PF8.PinState=GPIO_PIN_SET
PF8.Signal=GPIO_Output
PG10.GPIOParameters=PinAttribute
PG10.Locked=true
PG10.Mode=FDCAN_Activate
PG10.PinAttribute=FSBL
PG10.Signal=FDCAN2_TX
PH0-OSC_IN(PH0).GPIOParameters=PinAttribute
PH0-OSC_IN(PH0).Mode=HSE-External-Oscillator
PH0-OSC_IN(PH0).PinAttribute=Free
PH0-OSC_IN(PH0).Signal=RCC_OSC_IN
PH1-OSC_OUT(PH1).GPIOParameters=PinAttribute
PH1-OSC_OUT(PH1).Mode=HSE-External-Oscillator
PH1-OSC_OUT(PH1).PinAttribute=Free
PH1-OSC_OUT(PH1).Signal=RCC_OSC_OUT
PN0.GPIOParameters=PinAttribute
PN0.Mode=XSPI2_Port2Octo
PN0.PinAttribute=FSBL
PN0.Signal=XSPIM_P2_DQS0
PN1.GPIOParameters=PinAttribute
PN1.Mode=XSPI2_NCS1_Port2
PN1.PinAttribute=FSBL
PN1.Signal=XSPIM_P2_NCS1
PN10.GPIOParameters=PinAttribute
PN10.Mode=XSPI2_Port2Octo
PN10.PinAttribute=FSBL
PN10.Signal=XSPIM_P2_IO6
PN11.GPIOParameters=PinAttribute
PN11.Mode=XSPI2_Port2Octo
PN11.PinAttribute=FSBL
PN11.Signal=XSPIM_P2_IO7
PN2.GPIOParameters=PinAttribute
PN2.Mode=XSPI2_Port2Octo
PN2.PinAttribute=FSBL
PN2.Signal=XSPIM_P2_IO0
PN3.GPIOParameters=PinAttribute
PN3.Mode=XSPI2_Port2Octo
PN3.PinAttribute=FSBL
PN3.Signal=XSPIM_P2_IO1
PN4.GPIOParameters=PinAttribute
PN4.Mode=XSPI2_Port2Octo
PN4.PinAttribute=FSBL
PN4.Signal=XSPIM_P2_IO2
PN5.GPIOParameters=PinAttribute
PN5.Mode=XSPI2_Port2Octo
PN5.PinAttribute=FSBL
PN5.Signal=XSPIM_P2_IO3
PN6.GPIOParameters=PinAttribute
PN6.Mode=XSPI2_Port2Octo
PN6.PinAttribute=FSBL
PN6.Signal=XSPIM_P2_CLK
PN8.GPIOParameters=PinAttribute
PN8.Mode=XSPI2_Port2Octo
PN8.PinAttribute=FSBL
PN8.Signal=XSPIM_P2_IO4
PN9.GPIOParameters=PinAttribute
PN9.Mode=XSPI2_Port2Octo
PN9.PinAttribute=FSBL
PN9.Signal=XSPIM_P2_IO5
PinOutPanel.CurrentBGAView=Top
PinOutPanel.RotationAngle=0
ProjectManager.AskForMigrate=true
ProjectManager.BackupPrevious=false
ProjectManager.CompilerLinker=GCC
ProjectManager.CompilerOptimize=6
ProjectManager.ComputerToolchain=false
ProjectManager.CoupleFile=false
ProjectManager.CustomerFirmwarePackage=
ProjectManager.DefaultFWLocation=true
ProjectManager.DeletePrevious=true
ProjectManager.DeviceId=STM32N647I0HxQ
ProjectManager.FirmwarePackage=STM32Cube FW_N6 V1.3.0
ProjectManager.FreePins=false
ProjectManager.FreePinsContext=FSBL
ProjectManager.HalAssertFull=false
ProjectManager.HeapSize=FSBL-0x200,AppS-0x200,ExtMemLoader-0x200,AppNS-0x200
ProjectManager.KeepUserCode=true
ProjectManager.LastFirmware=true
ProjectManager.LibraryCopy=1
ProjectManager.MainLocation=Core/Src
ProjectManager.NoMain=false
ProjectManager.PreviousToolchain=STM32CubeIDE
ProjectManager.ProjectBuild=false
ProjectManager.ProjectFileName=stm32_imu.ioc
ProjectManager.ProjectName=stm32_imu
ProjectManager.ProjectStructure=FSBL\:FSBL\:true;AppS\:AppS\:false;AppNS\:AppNS\:false;ExtMemLoader\:ExtMemLoader\:false;
ProjectManager.RegisterCallBack=
ProjectManager.StackSize=FSBL-0x2000,AppS-0x800,ExtMemLoader-0x800,AppNS-0x800
ProjectManager.TargetToolchain=STM32CubeIDE
ProjectManager.ToolChainLocation=
ProjectManager.UAScriptAfterPath=
ProjectManager.UAScriptBeforePath=
ProjectManager.UnderRoot=true
ProjectManager.functionlistsort=1-SystemClock_Config-RCC-false-HAL-false-FSBL,2-MX_GPIO_Init-GPIO-false-HAL-true-FSBL,3-MX_GPDMA1_Init-GPDMA1-false-HAL-true-FSBL,4-MX_SPI5_Init-SPI5-false-HAL-true-FSBL,5-MX_TIM1_Init-TIM1-false-HAL-true-FSBL,6-MX_TIM2_Init-TIM2-false-HAL-true-FSBL,7-MX_SPI1_Init-SPI1-false-HAL-true-FSBL,8-MX_FDCAN1_Init-FDCAN1-false-HAL-true-FSBL,9-MX_FDCAN2_Init-FDCAN2-false-HAL-true-FSBL,10-MX_FDCAN3_Init-FDCAN3-false-HAL-true-FSBL,11-MX_XSPI2_Init-XSPI2-false-HAL-true-FSBL,12-MX_XSPIM_Init-XSPIM-false-HAL-true-FSBL,13-MX_ADC1_Init-ADC1-false-HAL-true-FSBL,14-MX_TIM3_Init-TIM3-false-HAL-true-FSBL,15-MX_TIM4_Init-TIM4-false-HAL-true-FSBL,16-MX_TIM5_Init-TIM5-false-HAL-true-FSBL,17-MX_TIM9_Init-TIM9-false-HAL-true-FSBL,1-MX_GPDMA1_Init-GPDMA1-false-HAL-true-AppliSecure,2-SystemIsolation_Config-RIF-false-HAL-true-AppliSecure,0-MX_CORTEX_M55_FSBL_Init-CORTEX_M55_FSBL-false-HAL-true-FSBL,0-MX_CORTEX_M55_S_Init-CORTEX_M55_S-false-HAL-true-AppliSecure,1-MX_GPDMA1_Init-GPDMA1-false-HAL-true-AppliNonSecure,0-MX_CORTEX_M55_NS_Init-CORTEX_M55_NS-false-HAL-true-AppliNonSecure
RCC.ADC12Freq_Value=25000000
RCC.ADCCLockSelection=RCC_ADCCLKSOURCE_IC7
RCC.ADFFreq_Value=200000000
RCC.AHB1234Freq_Value=200000000
RCC.AHBFreq_Value=100000000
RCC.APB1Freq_Value=200000000
RCC.APB2Freq_Value=200000000
RCC.APB4Freq_Value=200000000
RCC.APB5Freq_Value=200000000
RCC.AXIClockFreq_Value=400000000
RCC.CKPERFreq_Value=64000000
RCC.CPUCLKSource=RCC_CPUCLKSOURCE_IC1
RCC.CortexFreq_Value=100000000
RCC.CpuClockFreq_Value=800000000
RCC.DCMIPPFreq_Value=200000000
RCC.ETH1Freq_Value=200000000
RCC.FDCANClockSelection=RCC_FDCANCLKSOURCE_IC19
RCC.FDCANFreq_Value=32000000
RCC.FMCFreq_Value=200000000
RCC.FOUTPOSTDIV1Freq_Value=1600000000
RCC.FOUTPOSTDIV2Freq_Value=1600000000
RCC.FOUTPOSTDIV3Freq_Value=1600000000
RCC.FOUTPOSTDIV4Freq_Value=1600000000
RCC.FamilyName=M
RCC.HSE_VALUE=48000000
RCC.HSI_VALUE=64000000
RCC.I2C1Freq_Value=200000000
RCC.I2C2Freq_Value=200000000
RCC.I2C3Freq_Value=200000000
RCC.I2C4Freq_Value=200000000
RCC.I3C1Freq_Value=200000000
RCC.I3C2Freq_Value=200000000
RCC.IC10Freq_VALUE=1600000000
RCC.IC11Freq_VALUE=400000000
RCC.IC12Freq_VALUE=1600000000
RCC.IC13Freq_VALUE=1600000000
RCC.IC14Freq_VALUE=1600000000
RCC.IC15Freq_VALUE=1600000000
RCC.IC16Freq_VALUE=1600000000
RCC.IC17Freq_VALUE=1600000000
RCC.IC18Freq_VALUE=1600000000
RCC.IC19Div=50
RCC.IC19Freq_VALUE=32000000
RCC.IC1Div=2
RCC.IC1Freq_VALUE=800000000
RCC.IC20Freq_VALUE=1600000000
RCC.IC2Freq_VALUE=400000000
RCC.IC3Freq_VALUE=1600000000
RCC.IC4Freq_VALUE=1600000000
RCC.IC5Freq_VALUE=1600000000
RCC.IC6Div=256
RCC.IC6Freq_VALUE=6250000
RCC.IC7Div=64
RCC.IC7Freq_VALUE=25000000
RCC.IC8Div=16
RCC.IC8Freq_VALUE=100000000
RCC.IC9Div=25
RCC.IC9Freq_VALUE=64000000
RCC.IPParameters=ADC12Freq_Value,ADCCLockSelection,ADFFreq_Value,AHB1234Freq_Value,AHBFreq_Value,APB1Freq_Value,APB2Freq_Value,APB4Freq_Value,APB5Freq_Value,AXIClockFreq_Value,CKPERFreq_Value,CPUCLKSource,CortexFreq_Value,CpuClockFreq_Value,DCMIPPFreq_Value,ETH1Freq_Value,FDCANClockSelection,FDCANFreq_Value,FMCFreq_Value,FOUTPOSTDIV1Freq_Value,FOUTPOSTDIV2Freq_Value,FOUTPOSTDIV3Freq_Value,FOUTPOSTDIV4Freq_Value,FamilyName,HSE_VALUE,HSI_VALUE,I2C1Freq_Value,I2C2Freq_Value,I2C3Freq_Value,I2C4Freq_Value,I3C1Freq_Value,I3C2Freq_Value,IC10Freq_VALUE,IC11Freq_VALUE,IC12Freq_VALUE,IC13Freq_VALUE,IC14Freq_VALUE,IC15Freq_VALUE,IC16Freq_VALUE,IC17Freq_VALUE,IC18Freq_VALUE,IC19Div,IC19Freq_VALUE,IC1Div,IC1Freq_VALUE,IC20Freq_VALUE,IC2Freq_VALUE,IC3Freq_VALUE,IC4Freq_VALUE,IC5Freq_VALUE,IC6Div,IC6Freq_VALUE,IC7Div,IC7Freq_VALUE,IC8Div,IC8Freq_VALUE,IC9Div,IC9Freq_VALUE,LPTIM2Freq_Value,LPTIM3Freq_Value,LPTIM4Freq_Value,LPUART1Freq_Value,LSE_VALUE,LSI_VALUE,LTDCFreq_Value,MCO1PinFreq_Value,MCO2PinFreq_Value,MDFFreq_Value,MSI_VALUE,OTGHS1Freq_Value,OTGHS2Freq_Value,OTGPHY1Freq_Value,OTGPHY2Freq_Value,PSSIFreq_Value,RTCFreq_Value,SAI1Freq_Value,SAI2Freq_Value,SDMMC1Freq_Value,SDMMC2Freq_Value,SPI1ClockSelection,SPI1Freq_Value,SPI2Freq_Value,SPI3Freq_Value,SPI4Freq_Value,SPI5ClockSelection,SPI5Freq_Value,SPI6Freq_Value,SYSBCLKFreq_VALUE,SYSBCLKSource,SYSCCLKFreq_VALUE,SYSDCLKFreq_VALUE,TIMGFreq_Value,UART4Freq_Value,UART5Freq_Value,UART7Freq_Value,UART9Freq_Value,USART1Freq_Value,USART2Freq_Value,USART3Freq_Value,USART6Freq_Value,VCO1OutputFreq_Value,VCO2OutputFreq_Value,VCO3OutputFreq_Value,VCO4OutputFreq_Value,VCOInput1Freq_Value,VCOInput2Freq_Value,VCOInput3Freq_Value,VCOInput4Freq_Value,XSPI1Freq_Value,XSPI2Freq_Value,XSPI3Freq_Value
RCC.LPTIM2Freq_Value=200000000
RCC.LPTIM3Freq_Value=200000000
RCC.LPTIM4Freq_Value=200000000
RCC.LPUART1Freq_Value=200000000
RCC.LSE_VALUE=32768
RCC.LSI_VALUE=32000
RCC.LTDCFreq_Value=200000000
RCC.MCO1PinFreq_Value=64000000
RCC.MCO2PinFreq_Value=64000000
RCC.MDFFreq_Value=200000000
RCC.MSI_VALUE=16000000
RCC.OTGHS1Freq_Value=24000000
RCC.OTGHS2Freq_Value=24000000
RCC.OTGPHY1Freq_Value=24000000
RCC.OTGPHY2Freq_Value=24000000
RCC.PSSIFreq_Value=200000000
RCC.RTCFreq_Value=32000
RCC.SAI1Freq_Value=200000000
RCC.SAI2Freq_Value=200000000
RCC.SDMMC1Freq_Value=200000000
RCC.SDMMC2Freq_Value=200000000
RCC.SPI1ClockSelection=RCC_SPI1CLKSOURCE_IC8
RCC.SPI1Freq_Value=100000000
RCC.SPI2Freq_Value=200000000
RCC.SPI3Freq_Value=200000000
RCC.SPI4Freq_Value=200000000
RCC.SPI5ClockSelection=RCC_SPI5CLKSOURCE_IC9
RCC.SPI5Freq_Value=64000000
RCC.SPI6Freq_Value=200000000
RCC.SYSBCLKFreq_VALUE=400000000
RCC.SYSBCLKSource=RCC_SYSCLKSOURCE_IC2_IC6_IC11
RCC.SYSCCLKFreq_VALUE=6250000
RCC.SYSDCLKFreq_VALUE=400000000
RCC.TIMGFreq_Value=400000000
RCC.UART4Freq_Value=200000000
RCC.UART5Freq_Value=200000000
RCC.UART7Freq_Value=200000000
RCC.UART9Freq_Value=200000000
RCC.USART1Freq_Value=200000000
RCC.USART2Freq_Value=200000000
RCC.USART3Freq_Value=200000000
RCC.USART6Freq_Value=200000000
RCC.VCO1OutputFreq_Value=1600000000
RCC.VCO2OutputFreq_Value=1600000000
RCC.VCO3OutputFreq_Value=1600000000
RCC.VCO4OutputFreq_Value=1600000000
RCC.VCOInput1Freq_Value=64000000
RCC.VCOInput2Freq_Value=64000000
RCC.VCOInput3Freq_Value=64000000
RCC.VCOInput4Freq_Value=64000000
RCC.XSPI1Freq_Value=200000000
RCC.XSPI2Freq_Value=200000000
RCC.XSPI3Freq_Value=200000000
RIF.DCMIPP_CID_RIMU=0
RIF.DMA2D_CID_RIMU=0
RIF.ETH1_CID_RIMU=0
RIF.ETR_CID_RIMU=0
RIF.GPU_CID_RIMU=0
RIF.IPParameters=ETR_CID_RIMU,SDMMC1_CID_RIMU,OTG1_CID_RIMU,OTG2_CID_RIMU,ETH1_CID_RIMU,GPU_CID_RIMU,DMA2D_CID_RIMU,DCMIPP_CID_RIMU,LTDC_L1_CID_RIMU,LTDC_L2_CID_RIMU,VENC_CID_RIMU
RIF.LTDC_L1_CID_RIMU=0
RIF.LTDC_L2_CID_RIMU=0
RIF.OTG1_CID_RIMU=0
RIF.OTG2_CID_RIMU=0
RIF.RIFAWARE.GPDMA1\ Feature\ GPDMA1\ channel\ 0\ Cid=1
RIF.RIFAWARE.GPDMA1\ Feature\ GPDMA1\ channel\ 0\ FSBL=true
RIF.RIFAWARE.GPDMA1\ Feature\ GPDMA1\ channel\ 0\ Privilege=true
RIF.RIFAWARE.GPDMA1\ Feature\ GPDMA1\ channel\ 0\ Secure=true
RIF.RIFAWARE.GPDMA1\ Feature\ GPDMA1\ channel\ 1\ Cid=1
RIF.RIFAWARE.GPDMA1\ Feature\ GPDMA1\ channel\ 1\ FSBL=true
RIF.RIFAWARE.GPDMA1\ Feature\ GPDMA1\ channel\ 1\ Privilege=true
RIF.RIFAWARE.GPDMA1\ Feature\ GPDMA1\ channel\ 1\ Secure=true
RIF.RIFAWARE.GPDMA1\ Feature\ GPDMA1\ channel\ 10\ Cid=-
RIF.RIFAWARE.GPDMA1\ Feature\ GPDMA1\ channel\ 10\ Privilege=true
RIF.RIFAWARE.GPDMA1\ Feature\ GPDMA1\ channel\ 10\ Secure=false
RIF.RIFAWARE.GPDMA1\ Feature\ GPDMA1\ channel\ 11\ Cid=-
RIF.RIFAWARE.GPDMA1\ Feature\ GPDMA1\ channel\ 11\ Privilege=true
RIF.RIFAWARE.GPDMA1\ Feature\ GPDMA1\ channel\ 11\ Secure=false
RIF.RIFAWARE.GPDMA1\ Feature\ GPDMA1\ channel\ 12\ Cid=-
RIF.RIFAWARE.GPDMA1\ Feature\ GPDMA1\ channel\ 12\ Privilege=true
RIF.RIFAWARE.GPDMA1\ Feature\ GPDMA1\ channel\ 12\ Secure=false
RIF.RIFAWARE.GPDMA1\ Feature\ GPDMA1\ channel\ 13\ Cid=-
RIF.RIFAWARE.GPDMA1\ Feature\ GPDMA1\ channel\ 13\ Privilege=true
RIF.RIFAWARE.GPDMA1\ Feature\ GPDMA1\ channel\ 13\ Secure=false
RIF.RIFAWARE.GPDMA1\ Feature\ GPDMA1\ channel\ 14\ Cid=-
RIF.RIFAWARE.GPDMA1\ Feature\ GPDMA1\ channel\ 14\ Privilege=true
RIF.RIFAWARE.GPDMA1\ Feature\ GPDMA1\ channel\ 14\ Secure=false
RIF.RIFAWARE.GPDMA1\ Feature\ GPDMA1\ channel\ 15\ Cid=-
RIF.RIFAWARE.GPDMA1\ Feature\ GPDMA1\ channel\ 15\ Privilege=true
RIF.RIFAWARE.GPDMA1\ Feature\ GPDMA1\ channel\ 15\ Secure=false
RIF.RIFAWARE.GPDMA1\ Feature\ GPDMA1\ channel\ 2\ Cid=1
RIF.RIFAWARE.GPDMA1\ Feature\ GPDMA1\ channel\ 2\ FSBL=true
RIF.RIFAWARE.GPDMA1\ Feature\ GPDMA1\ channel\ 2\ Privilege=true
RIF.RIFAWARE.GPDMA1\ Feature\ GPDMA1\ channel\ 2\ Secure=true
RIF.RIFAWARE.GPDMA1\ Feature\ GPDMA1\ channel\ 3\ Cid=1
RIF.RIFAWARE.GPDMA1\ Feature\ GPDMA1\ channel\ 3\ FSBL=true
RIF.RIFAWARE.GPDMA1\ Feature\ GPDMA1\ channel\ 3\ Privilege=true
RIF.RIFAWARE.GPDMA1\ Feature\ GPDMA1\ channel\ 3\ Secure=true
RIF.RIFAWARE.GPDMA1\ Feature\ GPDMA1\ channel\ 4\ Cid=-
RIF.RIFAWARE.GPDMA1\ Feature\ GPDMA1\ channel\ 4\ Privilege=true
RIF.RIFAWARE.GPDMA1\ Feature\ GPDMA1\ channel\ 4\ Secure=false
RIF.RIFAWARE.GPDMA1\ Feature\ GPDMA1\ channel\ 5\ Cid=-
RIF.RIFAWARE.GPDMA1\ Feature\ GPDMA1\ channel\ 5\ Privilege=true
RIF.RIFAWARE.GPDMA1\ Feature\ GPDMA1\ channel\ 5\ Secure=false
RIF.RIFAWARE.GPDMA1\ Feature\ GPDMA1\ channel\ 6\ Cid=-
RIF.RIFAWARE.GPDMA1\ Feature\ GPDMA1\ channel\ 6\ Privilege=true
RIF.RIFAWARE.GPDMA1\ Feature\ GPDMA1\ channel\ 6\ Secure=false
RIF.RIFAWARE.GPDMA1\ Feature\ GPDMA1\ channel\ 7\ Cid=-
RIF.RIFAWARE.GPDMA1\ Feature\ GPDMA1\ channel\ 7\ Privilege=true
RIF.RIFAWARE.GPDMA1\ Feature\ GPDMA1\ channel\ 7\ Secure=false
RIF.RIFAWARE.GPDMA1\ Feature\ GPDMA1\ channel\ 8\ Cid=-
RIF.RIFAWARE.GPDMA1\ Feature\ GPDMA1\ channel\ 8\ Privilege=true
RIF.RIFAWARE.GPDMA1\ Feature\ GPDMA1\ channel\ 8\ Secure=false
RIF.RIFAWARE.GPDMA1\ Feature\ GPDMA1\ channel\ 9\ Cid=-
RIF.RIFAWARE.GPDMA1\ Feature\ GPDMA1\ channel\ 9\ Privilege=true
RIF.RIFAWARE.GPDMA1\ Feature\ GPDMA1\ channel\ 9\ Secure=false
RIF.RIFAWARE.GPIO\ Feature\ PA0\ Cid=1
RIF.RIFAWARE.GPIO\ Feature\ PA0\ FSBL=true
RIF.RIFAWARE.GPIO\ Feature\ PA0\ Secure=true
RIF.RIFAWARE.GPIO\ Feature\ PA1\ Cid=-
RIF.RIFAWARE.GPIO\ Feature\ PA1\ Secure=false
RIF.RIFAWARE.GPIO\ Feature\ PA10\ Cid=-
RIF.RIFAWARE.GPIO\ Feature\ PA10\ Secure=false
RIF.RIFAWARE.GPIO\ Feature\ PA11\ Cid=-
RIF.RIFAWARE.GPIO\ Feature\ PA11\ Secure=false
RIF.RIFAWARE.GPIO\ Feature\ PA12\ Cid=-
RIF.RIFAWARE.GPIO\ Feature\ PA12\ Secure=false
RIF.RIFAWARE.GPIO\ Feature\ PA2\ Cid=-
RIF.RIFAWARE.GPIO\ Feature\ PA2\ Secure=false
RIF.RIFAWARE.GPIO\ Feature\ PA3\ Cid=-
RIF.RIFAWARE.GPIO\ Feature\ PA3\ Secure=false
RIF.RIFAWARE.GPIO\ Feature\ PA5\ Cid=-
RIF.RIFAWARE.GPIO\ Feature\ PA5\ Secure=false
RIF.RIFAWARE.GPIO\ Feature\ PA6\ Cid=-
RIF.RIFAWARE.GPIO\ Feature\ PA6\ Secure=false
RIF.RIFAWARE.GPIO\ Feature\ PA7\ Cid=-
RIF.RIFAWARE.GPIO\ Feature\ PA7\ Secure=false
RIF.RIFAWARE.GPIO\ Feature\ PA8\ Cid=-
RIF.RIFAWARE.GPIO\ Feature\ PA8\ Secure=false
RIF.RIFAWARE.GPIO\ Feature\ PA9\ Cid=-
RIF.RIFAWARE.GPIO\ Feature\ PA9\ Secure=false
RIF.RIFAWARE.GPIO\ Feature\ PB0\ Cid=-
RIF.RIFAWARE.GPIO\ Feature\ PB0\ Secure=false
RIF.RIFAWARE.GPIO\ Feature\ PB10\ Cid=-
RIF.RIFAWARE.GPIO\ Feature\ PB10\ Secure=false
RIF.RIFAWARE.GPIO\ Feature\ PB11\ Cid=-
RIF.RIFAWARE.GPIO\ Feature\ PB11\ Secure=false
RIF.RIFAWARE.GPIO\ Feature\ PB12\ Cid=1
RIF.RIFAWARE.GPIO\ Feature\ PB12\ FSBL=true
RIF.RIFAWARE.GPIO\ Feature\ PB12\ Secure=true
RIF.RIFAWARE.GPIO\ Feature\ PB2\ Cid=-
RIF.RIFAWARE.GPIO\ Feature\ PB2\ Secure=false
RIF.RIFAWARE.GPIO\ Feature\ PB3\ Cid=-
RIF.RIFAWARE.GPIO\ Feature\ PB3\ Secure=false
RIF.RIFAWARE.GPIO\ Feature\ PB6\ Cid=-
RIF.RIFAWARE.GPIO\ Feature\ PB6\ Secure=false
RIF.RIFAWARE.GPIO\ Feature\ PB7\ Cid=-
RIF.RIFAWARE.GPIO\ Feature\ PB7\ Secure=false
RIF.RIFAWARE.GPIO\ Feature\ PC1\ Cid=-
RIF.RIFAWARE.GPIO\ Feature\ PC1\ Secure=false
RIF.RIFAWARE.GPIO\ Feature\ PC10\ Cid=-
RIF.RIFAWARE.GPIO\ Feature\ PC10\ Secure=false
RIF.RIFAWARE.GPIO\ Feature\ PC11\ Cid=-
RIF.RIFAWARE.GPIO\ Feature\ PC11\ Secure=false
RIF.RIFAWARE.GPIO\ Feature\ PC12\ Cid=-
RIF.RIFAWARE.GPIO\ Feature\ PC12\ Secure=false
RIF.RIFAWARE.GPIO\ Feature\ PC13\ Cid=-
RIF.RIFAWARE.GPIO\ Feature\ PC13\ Secure=false
RIF.RIFAWARE.GPIO\ Feature\ PC6\ Cid=-
RIF.RIFAWARE.GPIO\ Feature\ PC6\ Secure=false
RIF.RIFAWARE.GPIO\ Feature\ PC7\ Cid=-
RIF.RIFAWARE.GPIO\ Feature\ PC7\ Secure=false
RIF.RIFAWARE.GPIO\ Feature\ PC8\ Cid=-
RIF.RIFAWARE.GPIO\ Feature\ PC8\ Secure=false
RIF.RIFAWARE.GPIO\ Feature\ PC9\ Cid=-
RIF.RIFAWARE.GPIO\ Feature\ PC9\ Secure=false
RIF.RIFAWARE.GPIO\ Feature\ PD0\ Cid=1
RIF.RIFAWARE.GPIO\ Feature\ PD0\ FSBL=true
RIF.RIFAWARE.GPIO\ Feature\ PD0\ Secure=true
RIF.RIFAWARE.GPIO\ Feature\ PD1\ Cid=1
RIF.RIFAWARE.GPIO\ Feature\ PD1\ FSBL=true
RIF.RIFAWARE.GPIO\ Feature\ PD1\ Secure=true
RIF.RIFAWARE.GPIO\ Feature\ PD10\ Cid=-
RIF.RIFAWARE.GPIO\ Feature\ PD10\ Secure=false
RIF.RIFAWARE.GPIO\ Feature\ PD11\ Cid=-
RIF.RIFAWARE.GPIO\ Feature\ PD11\ Secure=false
RIF.RIFAWARE.GPIO\ Feature\ PD12\ Cid=-
RIF.RIFAWARE.GPIO\ Feature\ PD12\ Secure=false
RIF.RIFAWARE.GPIO\ Feature\ PD13\ Cid=-
RIF.RIFAWARE.GPIO\ Feature\ PD13\ Secure=false
RIF.RIFAWARE.GPIO\ Feature\ PD14\ Cid=-
RIF.RIFAWARE.GPIO\ Feature\ PD14\ Secure=false
RIF.RIFAWARE.GPIO\ Feature\ PD15\ Cid=-
RIF.RIFAWARE.GPIO\ Feature\ PD15\ Secure=false
RIF.RIFAWARE.GPIO\ Feature\ PD2\ Cid=-
RIF.RIFAWARE.GPIO\ Feature\ PD2\ Secure=false
RIF.RIFAWARE.GPIO\ Feature\ PD3\ Cid=1
RIF.RIFAWARE.GPIO\ Feature\ PD3\ FSBL=true
RIF.RIFAWARE.GPIO\ Feature\ PD3\ Secure=true
RIF.RIFAWARE.GPIO\ Feature\ PD4\ Cid=-
RIF.RIFAWARE.GPIO\ Feature\ PD4\ Secure=false
RIF.RIFAWARE.GPIO\ Feature\ PD5\ Cid=-
RIF.RIFAWARE.GPIO\ Feature\ PD5\ Secure=false
RIF.RIFAWARE.GPIO\ Feature\ PD6\ Cid=-
RIF.RIFAWARE.GPIO\ Feature\ PD6\ Secure=false
RIF.RIFAWARE.GPIO\ Feature\ PD7\ Cid=-
RIF.RIFAWARE.GPIO\ Feature\ PD7\ Secure=false
RIF.RIFAWARE.GPIO\ Feature\ PD8\ Cid=-
RIF.RIFAWARE.GPIO\ Feature\ PD8\ Secure=false
RIF.RIFAWARE.GPIO\ Feature\ PD9\ Cid=-
RIF.RIFAWARE.GPIO\ Feature\ PD9\ Secure=false
RIF.RIFAWARE.GPIO\ Feature\ PE0\ Cid=-
RIF.RIFAWARE.GPIO\ Feature\ PE0\ Secure=false
RIF.RIFAWARE.GPIO\ Feature\ PE1\ Cid=-
RIF.RIFAWARE.GPIO\ Feature\ PE1\ Secure=false
RIF.RIFAWARE.GPIO\ Feature\ PE10\ Cid=-
RIF.RIFAWARE.GPIO\ Feature\ PE10\ Secure=false
RIF.RIFAWARE.GPIO\ Feature\ PE11\ Cid=1
RIF.RIFAWARE.GPIO\ Feature\ PE11\ FSBL=true
RIF.RIFAWARE.GPIO\ Feature\ PE11\ Secure=true
RIF.RIFAWARE.GPIO\ Feature\ PE12\ Cid=1
RIF.RIFAWARE.GPIO\ Feature\ PE12\ FSBL=true
RIF.RIFAWARE.GPIO\ Feature\ PE12\ Secure=true
RIF.RIFAWARE.GPIO\ Feature\ PE13\ Cid=-
RIF.RIFAWARE.GPIO\ Feature\ PE13\ Secure=false
RIF.RIFAWARE.GPIO\ Feature\ PE14\ Cid=-
RIF.RIFAWARE.GPIO\ Feature\ PE14\ Secure=false
RIF.RIFAWARE.GPIO\ Feature\ PE15\ Cid=-
RIF.RIFAWARE.GPIO\ Feature\ PE15\ Secure=false
RIF.RIFAWARE.GPIO\ Feature\ PE2\ Cid=-
RIF.RIFAWARE.GPIO\ Feature\ PE2\ Secure=false
RIF.RIFAWARE.GPIO\ Feature\ PE3\ Cid=-
RIF.RIFAWARE.GPIO\ Feature\ PE3\ Secure=false
RIF.RIFAWARE.GPIO\ Feature\ PE5\ Cid=-
RIF.RIFAWARE.GPIO\ Feature\ PE5\ Secure=false
RIF.RIFAWARE.GPIO\ Feature\ PE6\ Cid=-
RIF.RIFAWARE.GPIO\ Feature\ PE6\ Secure=false
RIF.RIFAWARE.GPIO\ Feature\ PE7\ Cid=-
RIF.RIFAWARE.GPIO\ Feature\ PE7\ Secure=false
RIF.RIFAWARE.GPIO\ Feature\ PE8\ Cid=-
RIF.RIFAWARE.GPIO\ Feature\ PE8\ Secure=false
RIF.RIFAWARE.GPIO\ Feature\ PE9\ Cid=1
RIF.RIFAWARE.GPIO\ Feature\ PE9\ FSBL=true
RIF.RIFAWARE.GPIO\ Feature\ PE9\ Secure=true
RIF.RIFAWARE.GPIO\ Feature\ PF10\ Cid=-
RIF.RIFAWARE.GPIO\ Feature\ PF10\ Secure=false
RIF.RIFAWARE.GPIO\ Feature\ PF11\ Cid=-
RIF.RIFAWARE.GPIO\ Feature\ PF11\ Secure=false
RIF.RIFAWARE.GPIO\ Feature\ PF12\ Cid=1
RIF.RIFAWARE.GPIO\ Feature\ PF12\ FSBL=true
RIF.RIFAWARE.GPIO\ Feature\ PF12\ Secure=true
RIF.RIFAWARE.GPIO\ Feature\ PF13\ Cid=-
RIF.RIFAWARE.GPIO\ Feature\ PF13\ Secure=false
RIF.RIFAWARE.GPIO\ Feature\ PF14\ Cid=1
RIF.RIFAWARE.GPIO\ Feature\ PF14\ FSBL=true
RIF.RIFAWARE.GPIO\ Feature\ PF14\ Secure=true
RIF.RIFAWARE.GPIO\ Feature\ PF15\ Cid=1
RIF.RIFAWARE.GPIO\ Feature\ PF15\ FSBL=true
RIF.RIFAWARE.GPIO\ Feature\ PF15\ Secure=true
RIF.RIFAWARE.GPIO\ Feature\ PF2\ Cid=1
RIF.RIFAWARE.GPIO\ Feature\ PF2\ FSBL=true
RIF.RIFAWARE.GPIO\ Feature\ PF2\ Secure=true
RIF.RIFAWARE.GPIO\ Feature\ PF3\ Cid=-
RIF.RIFAWARE.GPIO\ Feature\ PF3\ Secure=false
RIF.RIFAWARE.GPIO\ Feature\ PF4\ Cid=1
RIF.RIFAWARE.GPIO\ Feature\ PF4\ FSBL=true
RIF.RIFAWARE.GPIO\ Feature\ PF4\ Secure=true
RIF.RIFAWARE.GPIO\ Feature\ PF5\ Cid=-
RIF.RIFAWARE.GPIO\ Feature\ PF5\ Secure=false
RIF.RIFAWARE.GPIO\ Feature\ PF6\ Cid=1
RIF.RIFAWARE.GPIO\ Feature\ PF6\ FSBL=true
RIF.RIFAWARE.GPIO\ Feature\ PF6\ Secure=true
RIF.RIFAWARE.GPIO\ Feature\ PF7\ Cid=1
RIF.RIFAWARE.GPIO\ Feature\ PF7\ FSBL=true
RIF.RIFAWARE.GPIO\ Feature\ PF7\ Secure=true
RIF.RIFAWARE.GPIO\ Feature\ PF8\ Cid=1
RIF.RIFAWARE.GPIO\ Feature\ PF8\ FSBL=true
RIF.RIFAWARE.GPIO\ Feature\ PF8\ Secure=true
RIF.RIFAWARE.GPIO\ Feature\ PG0\ Cid=-
RIF.RIFAWARE.GPIO\ Feature\ PG0\ Secure=false
RIF.RIFAWARE.GPIO\ Feature\ PG1\ Cid=-
RIF.RIFAWARE.GPIO\ Feature\ PG1\ Secure=false
RIF.RIFAWARE.GPIO\ Feature\ PG10\ Cid=1
RIF.RIFAWARE.GPIO\ Feature\ PG10\ FSBL=true
RIF.RIFAWARE.GPIO\ Feature\ PG10\ Secure=true
RIF.RIFAWARE.GPIO\ Feature\ PG12\ Cid=-
RIF.RIFAWARE.GPIO\ Feature\ PG12\ Secure=false
RIF.RIFAWARE.GPIO\ Feature\ PG13\ Cid=-
RIF.RIFAWARE.GPIO\ Feature\ PG13\ Secure=false
RIF.RIFAWARE.GPIO\ Feature\ PG14\ Cid=-
RIF.RIFAWARE.GPIO\ Feature\ PG14\ Secure=false
RIF.RIFAWARE.GPIO\ Feature\ PG15\ Cid=-
RIF.RIFAWARE.GPIO\ Feature\ PG15\ Secure=false
RIF.RIFAWARE.GPIO\ Feature\ PG2\ Cid=-
RIF.RIFAWARE.GPIO\ Feature\ PG2\ Secure=false
RIF.RIFAWARE.GPIO\ Feature\ PG8\ Cid=-
RIF.RIFAWARE.GPIO\ Feature\ PG8\ Secure=false
RIF.RIFAWARE.GPIO\ Feature\ PH2\ Cid=-
RIF.RIFAWARE.GPIO\ Feature\ PH2\ Secure=false
RIF.RIFAWARE.GPIO\ Feature\ PH9\ Cid=-
RIF.RIFAWARE.GPIO\ Feature\ PH9\ Secure=false
RIF.RIFAWARE.GPIO\ Feature\ PN0\ Cid=-
RIF.RIFAWARE.GPIO\ Feature\ PN0\ Secure=false
RIF.RIFAWARE.GPIO\ Feature\ PN1\ Cid=-
RIF.RIFAWARE.GPIO\ Feature\ PN1\ Secure=false
RIF.RIFAWARE.GPIO\ Feature\ PN10\ Cid=-
RIF.RIFAWARE.GPIO\ Feature\ PN10\ Secure=false
RIF.RIFAWARE.GPIO\ Feature\ PN11\ Cid=-
RIF.RIFAWARE.GPIO\ Feature\ PN11\ Secure=false
RIF.RIFAWARE.GPIO\ Feature\ PN12\ Cid=-
RIF.RIFAWARE.GPIO\ Feature\ PN12\ Secure=false
RIF.RIFAWARE.GPIO\ Feature\ PN2\ Cid=-
RIF.RIFAWARE.GPIO\ Feature\ PN2\ Secure=false
RIF.RIFAWARE.GPIO\ Feature\ PN3\ Cid=-
RIF.RIFAWARE.GPIO\ Feature\ PN3\ Secure=false
RIF.RIFAWARE.GPIO\ Feature\ PN4\ Cid=-
RIF.RIFAWARE.GPIO\ Feature\ PN4\ Secure=false
RIF.RIFAWARE.GPIO\ Feature\ PN5\ Cid=-
RIF.RIFAWARE.GPIO\ Feature\ PN5\ Secure=false
RIF.RIFAWARE.GPIO\ Feature\ PN6\ Cid=-
RIF.RIFAWARE.GPIO\ Feature\ PN6\ Secure=false
RIF.RIFAWARE.GPIO\ Feature\ PN7\ Cid=-
RIF.RIFAWARE.GPIO\ Feature\ PN7\ Secure=false
RIF.RIFAWARE.GPIO\ Feature\ PN8\ Cid=-
RIF.RIFAWARE.GPIO\ Feature\ PN8\ Secure=false
RIF.RIFAWARE.GPIO\ Feature\ PN9\ Cid=-
RIF.RIFAWARE.GPIO\ Feature\ PN9\ Secure=false
RIF.RIFAWARE.HPDMA1\ Feature\ HPDMA1\ channel\ 0\ Cid=1
RIF.RIFAWARE.HPDMA1\ Feature\ HPDMA1\ channel\ 0\ FSBL=true
RIF.RIFAWARE.HPDMA1\ Feature\ HPDMA1\ channel\ 0\ Privilege=true
RIF.RIFAWARE.HPDMA1\ Feature\ HPDMA1\ channel\ 0\ Secure=true
RIF.RIFAWARE.HPDMA1\ Feature\ HPDMA1\ channel\ 1\ Cid=1
RIF.RIFAWARE.HPDMA1\ Feature\ HPDMA1\ channel\ 1\ FSBL=true
RIF.RIFAWARE.HPDMA1\ Feature\ HPDMA1\ channel\ 1\ Privilege=true
RIF.RIFAWARE.HPDMA1\ Feature\ HPDMA1\ channel\ 1\ Secure=true
RIF.RIFAWARE.HPDMA1\ Feature\ HPDMA1\ channel\ 10\ Cid=-
RIF.RIFAWARE.HPDMA1\ Feature\ HPDMA1\ channel\ 10\ Privilege=true
RIF.RIFAWARE.HPDMA1\ Feature\ HPDMA1\ channel\ 10\ Secure=false
RIF.RIFAWARE.HPDMA1\ Feature\ HPDMA1\ channel\ 11\ Cid=-
RIF.RIFAWARE.HPDMA1\ Feature\ HPDMA1\ channel\ 11\ Privilege=true
RIF.RIFAWARE.HPDMA1\ Feature\ HPDMA1\ channel\ 11\ Secure=false
RIF.RIFAWARE.HPDMA1\ Feature\ HPDMA1\ channel\ 12\ Cid=-
RIF.RIFAWARE.HPDMA1\ Feature\ HPDMA1\ channel\ 12\ Privilege=true
RIF.RIFAWARE.HPDMA1\ Feature\ HPDMA1\ channel\ 12\ Secure=false
RIF.RIFAWARE.HPDMA1\ Feature\ HPDMA1\ channel\ 13\ Cid=-
RIF.RIFAWARE.HPDMA1\ Feature\ HPDMA1\ channel\ 13\ Privilege=true
RIF.RIFAWARE.HPDMA1\ Feature\ HPDMA1\ channel\ 13\ Secure=false
RIF.RIFAWARE.HPDMA1\ Feature\ HPDMA1\ channel\ 14\ Cid=-
RIF.RIFAWARE.HPDMA1\ Feature\ HPDMA1\ channel\ 14\ Privilege=true
RIF.RIFAWARE.HPDMA1\ Feature\ HPDMA1\ channel\ 14\ Secure=false
RIF.RIFAWARE.HPDMA1\ Feature\ HPDMA1\ channel\ 15\ Cid=-
RIF.RIFAWARE.HPDMA1\ Feature\ HPDMA1\ channel\ 15\ Privilege=true
RIF.RIFAWARE.HPDMA1\ Feature\ HPDMA1\ channel\ 15\ Secure=false
RIF.RIFAWARE.HPDMA1\ Feature\ HPDMA1\ channel\ 2\ Cid=1
RIF.RIFAWARE.HPDMA1\ Feature\ HPDMA1\ channel\ 2\ FSBL=true
RIF.RIFAWARE.HPDMA1\ Feature\ HPDMA1\ channel\ 2\ Privilege=true
RIF.RIFAWARE.HPDMA1\ Feature\ HPDMA1\ channel\ 2\ Secure=true
RIF.RIFAWARE.HPDMA1\ Feature\ HPDMA1\ channel\ 3\ Cid=1
RIF.RIFAWARE.HPDMA1\ Feature\ HPDMA1\ channel\ 3\ FSBL=true
RIF.RIFAWARE.HPDMA1\ Feature\ HPDMA1\ channel\ 3\ Privilege=true
RIF.RIFAWARE.HPDMA1\ Feature\ HPDMA1\ channel\ 3\ Secure=true
RIF.RIFAWARE.HPDMA1\ Feature\ HPDMA1\ channel\ 4\ Cid=-
RIF.RIFAWARE.HPDMA1\ Feature\ HPDMA1\ channel\ 4\ Privilege=true
RIF.RIFAWARE.HPDMA1\ Feature\ HPDMA1\ channel\ 4\ Secure=false
RIF.RIFAWARE.HPDMA1\ Feature\ HPDMA1\ channel\ 5\ Cid=-
RIF.RIFAWARE.HPDMA1\ Feature\ HPDMA1\ channel\ 5\ Privilege=true
RIF.RIFAWARE.HPDMA1\ Feature\ HPDMA1\ channel\ 5\ Secure=false
RIF.RIFAWARE.HPDMA1\ Feature\ HPDMA1\ channel\ 6\ Cid=-
RIF.RIFAWARE.HPDMA1\ Feature\ HPDMA1\ channel\ 6\ Privilege=true
RIF.RIFAWARE.HPDMA1\ Feature\ HPDMA1\ channel\ 6\ Secure=false
RIF.RIFAWARE.HPDMA1\ Feature\ HPDMA1\ channel\ 7\ Cid=-
RIF.RIFAWARE.HPDMA1\ Feature\ HPDMA1\ channel\ 7\ Privilege=true
RIF.RIFAWARE.HPDMA1\ Feature\ HPDMA1\ channel\ 7\ Secure=false
RIF.RIFAWARE.HPDMA1\ Feature\ HPDMA1\ channel\ 8\ Cid=-
RIF.RIFAWARE.HPDMA1\ Feature\ HPDMA1\ channel\ 8\ Privilege=true
RIF.RIFAWARE.HPDMA1\ Feature\ HPDMA1\ channel\ 8\ Secure=false
RIF.RIFAWARE.HPDMA1\ Feature\ HPDMA1\ channel\ 9\ Cid=-
RIF.RIFAWARE.HPDMA1\ Feature\ HPDMA1\ channel\ 9\ Privilege=true
RIF.RIFAWARE.HPDMA1\ Feature\ HPDMA1\ channel\ 9\ Secure=false
RIF.RIFAWARE.LTDC\ Feature\ LTDC_L1\ Cid=-
RIF.RIFAWARE.LTDC\ Feature\ LTDC_L1\ Secure=false
RIF.RIFAWARE.LTDC\ Feature\ LTDC_L2\ Cid=-
RIF.RIFAWARE.LTDC\ Feature\ LTDC_L2\ Secure=false
RIF.RIFAWARE.PWR\ Feature\ Backup\ domain\ protection\ Cid=-
RIF.RIFAWARE.PWR\ Feature\ Backup\ domain\ protection\ Secure=false
RIF.RIFAWARE.PWR\ Feature\ CPU\ power\ control\ protection\ Cid=-
RIF.RIFAWARE.PWR\ Feature\ CPU\ power\ control\ protection\ Secure=false
RIF.RIFAWARE.PWR\ Feature\ I-TCM,\ D-TCM,\ and\ I-TCM\ FLEXMEM\ low\ power\ control\ protection\ Cid=-
RIF.RIFAWARE.PWR\ Feature\ I-TCM,\ D-TCM,\ and\ I-TCM\ FLEXMEM\ low\ power\ control\ protection\ Secure=false
RIF.RIFAWARE.PWR\ Feature\ Peripheral\ voltage\ monitor\ protection\ Cid=-
RIF.RIFAWARE.PWR\ Feature\ Peripheral\ voltage\ monitor\ protection\ Secure=false
RIF.RIFAWARE.PWR\ Feature\ Programmable\ voltage\ detector\ protection\ Cid=-
RIF.RIFAWARE.PWR\ Feature\ Programmable\ voltage\ detector\ protection\ Secure=false
RIF.RIFAWARE.PWR\ Feature\ System\ supply\ configuration\ protection\ Cid=-
RIF.RIFAWARE.PWR\ Feature\ System\ supply\ configuration\ protection\ Secure=false
RIF.RIFAWARE.PWR\ Feature\ VDDCORE\ monitor\ protection\ Cid=-
RIF.RIFAWARE.PWR\ Feature\ VDDCORE\ monitor\ protection\ Secure=false
RIF.RIFAWARE.PWR\ Feature\ Voltage\ scaling\ selection\ protection\ Cid=-
RIF.RIFAWARE.PWR\ Feature\ Voltage\ scaling\ selection\ protection\ Secure=false
RIF.RIFAWARE.PWR\ Feature\ WKUP1\ pin\ protection\ Cid=-
RIF.RIFAWARE.PWR\ Feature\ WKUP1\ pin\ protection\ Secure=false
RIF.RIFAWARE.PWR\ Feature\ WKUP2\ pin\ protection\ Cid=-
RIF.RIFAWARE.PWR\ Feature\ WKUP2\ pin\ protection\ Secure=false
RIF.RIFAWARE.PWR\ Feature\ WKUP3\ pin\ protection\ Cid=-
RIF.RIFAWARE.PWR\ Feature\ WKUP3\ pin\ protection\ Secure=false
RIF.RIFAWARE.PWR\ Feature\ WKUP4\ pin\ protection\ Cid=-
RIF.RIFAWARE.PWR\ Feature\ WKUP4\ pin\ protection\ Secure=false
RIF.RIFAWARE.RCC\ Feature\ Protection\ of\ BUS\ system\ configuration\ bits\ Cid=-
RIF.RIFAWARE.RCC\ Feature\ Protection\ of\ BUS\ system\ configuration\ bits\ Secure=false
RIF.RIFAWARE.RCC\ Feature\ Protection\ of\ DFT\ system\ configuration\ bits\ Cid=-
RIF.RIFAWARE.RCC\ Feature\ Protection\ of\ DFT\ system\ configuration\ bits\ Secure=false
RIF.RIFAWARE.RCC\ Feature\ Protection\ of\ IC1\ divider\ configuration\ bits\ Cid=-
RIF.RIFAWARE.RCC\ Feature\ Protection\ of\ IC1\ divider\ configuration\ bits\ Secure=false
RIF.RIFAWARE.RCC\ Feature\ Protection\ of\ IC10\ divider\ configuration\ bits\ Cid=-
RIF.RIFAWARE.RCC\ Feature\ Protection\ of\ IC10\ divider\ configuration\ bits\ Secure=false
RIF.RIFAWARE.RCC\ Feature\ Protection\ of\ IC11\ divider\ configuration\ bits\ Cid=-
RIF.RIFAWARE.RCC\ Feature\ Protection\ of\ IC11\ divider\ configuration\ bits\ Secure=false
RIF.RIFAWARE.RCC\ Feature\ Protection\ of\ IC12\ divider\ configuration\ bits\ Cid=-
RIF.RIFAWARE.RCC\ Feature\ Protection\ of\ IC12\ divider\ configuration\ bits\ Secure=false
RIF.RIFAWARE.RCC\ Feature\ Protection\ of\ IC13\ divider\ configuration\ bits\ Cid=-
RIF.RIFAWARE.RCC\ Feature\ Protection\ of\ IC13\ divider\ configuration\ bits\ Secure=false
RIF.RIFAWARE.RCC\ Feature\ Protection\ of\ IC14\ divider\ configuration\ bits\ Cid=-
RIF.RIFAWARE.RCC\ Feature\ Protection\ of\ IC14\ divider\ configuration\ bits\ Secure=false
RIF.RIFAWARE.RCC\ Feature\ Protection\ of\ IC15\ divider\ configuration\ bits\ Cid=-
RIF.RIFAWARE.RCC\ Feature\ Protection\ of\ IC15\ divider\ configuration\ bits\ Secure=false
RIF.RIFAWARE.RCC\ Feature\ Protection\ of\ IC16\ divider\ configuration\ bits\ Cid=-
RIF.RIFAWARE.RCC\ Feature\ Protection\ of\ IC16\ divider\ configuration\ bits\ Secure=false
RIF.RIFAWARE.RCC\ Feature\ Protection\ of\ IC17\ divider\ configuration\ bits\ Cid=-
RIF.RIFAWARE.RCC\ Feature\ Protection\ of\ IC17\ divider\ configuration\ bits\ Secure=false
RIF.RIFAWARE.RCC\ Feature\ Protection\ of\ IC18\ divider\ configuration\ bits\ Cid=-
RIF.RIFAWARE.RCC\ Feature\ Protection\ of\ IC18\ divider\ configuration\ bits\ Secure=false
RIF.RIFAWARE.RCC\ Feature\ Protection\ of\ IC19\ divider\ configuration\ bits\ Cid=-
RIF.RIFAWARE.RCC\ Feature\ Protection\ of\ IC19\ divider\ configuration\ bits\ Secure=false
RIF.RIFAWARE.RCC\ Feature\ Protection\ of\ IC2\ divider\ configuration\ bits\ Cid=-
RIF.RIFAWARE.RCC\ Feature\ Protection\ of\ IC2\ divider\ configuration\ bits\ Secure=false
RIF.RIFAWARE.RCC\ Feature\ Protection\ of\ IC20\ divider\ configuration\ bits\ Cid=-
RIF.RIFAWARE.RCC\ Feature\ Protection\ of\ IC20\ divider\ configuration\ bits\ Secure=false
RIF.RIFAWARE.RCC\ Feature\ Protection\ of\ IC3\ divider\ configuration\ bits\ Cid=-
RIF.RIFAWARE.RCC\ Feature\ Protection\ of\ IC3\ divider\ configuration\ bits\ Secure=false
RIF.RIFAWARE.RCC\ Feature\ Protection\ of\ IC4\ divider\ configuration\ bits\ Cid=-
RIF.RIFAWARE.RCC\ Feature\ Protection\ of\ IC4\ divider\ configuration\ bits\ Secure=false
RIF.RIFAWARE.RCC\ Feature\ Protection\ of\ IC5\ divider\ configuration\ bits\ Cid=-
RIF.RIFAWARE.RCC\ Feature\ Protection\ of\ IC5\ divider\ configuration\ bits\ Secure=false
RIF.RIFAWARE.RCC\ Feature\ Protection\ of\ IC6\ divider\ configuration\ bits\ Cid=-
RIF.RIFAWARE.RCC\ Feature\ Protection\ of\ IC6\ divider\ configuration\ bits\ Secure=false
RIF.RIFAWARE.RCC\ Feature\ Protection\ of\ IC7\ divider\ configuration\ bits\ Cid=-
RIF.RIFAWARE.RCC\ Feature\ Protection\ of\ IC7\ divider\ configuration\ bits\ Secure=false
RIF.RIFAWARE.RCC\ Feature\ Protection\ of\ IC8\ divider\ configuration\ bits\ Cid=-
RIF.RIFAWARE.RCC\ Feature\ Protection\ of\ IC8\ divider\ configuration\ bits\ Secure=false
RIF.RIFAWARE.RCC\ Feature\ Protection\ of\ IC9\ divider\ configuration\ bits\ Cid=-
RIF.RIFAWARE.RCC\ Feature\ Protection\ of\ IC9\ divider\ configuration\ bits\ Secure=false
RIF.RIFAWARE.RCC\ Feature\ Protection\ of\ INT\ system\ configuration\ bits\ Cid=-
RIF.RIFAWARE.RCC\ Feature\ Protection\ of\ INT\ system\ configuration\ bits\ Secure=false
RIF.RIFAWARE.RCC\ Feature\ Protection\ of\ MOD\ system\ configuration\ bits\ Cid=-
RIF.RIFAWARE.RCC\ Feature\ Protection\ of\ MOD\ system\ configuration\ bits\ Secure=false
RIF.RIFAWARE.RCC\ Feature\ Protection\ of\ PER\ system\ configuration\ bits\ Cid=-
RIF.RIFAWARE.RCC\ Feature\ Protection\ of\ PER\ system\ configuration\ bits\ Secure=false
RIF.RIFAWARE.RCC\ Feature\ Protection\ of\ PLL1\ configuration\ bits\u200B\ Cid=-
RIF.RIFAWARE.RCC\ Feature\ Protection\ of\ PLL1\ configuration\ bits\u200B\ Secure=false
RIF.RIFAWARE.RCC\ Feature\ Protection\ of\ PLL2\ configuration\ bits\ Cid=-
RIF.RIFAWARE.RCC\ Feature\ Protection\ of\ PLL2\ configuration\ bits\ Secure=false
RIF.RIFAWARE.RCC\ Feature\ Protection\ of\ PLL3\ configuration\ bits\ Cid=-
RIF.RIFAWARE.RCC\ Feature\ Protection\ of\ PLL3\ configuration\ bits\ Secure=false
RIF.RIFAWARE.RCC\ Feature\ Protection\ of\ PLL4\ configuration\ bits\ Cid=-
RIF.RIFAWARE.RCC\ Feature\ Protection\ of\ PLL4\ configuration\ bits\ Secure=false
RIF.RIFAWARE.RCC\ Feature\ Protection\ of\ RST\ system\ configuration\ bits\ Cid=-
RIF.RIFAWARE.RCC\ Feature\ Protection\ of\ RST\ system\ configuration\ bits\ Secure=false
RIF.RIFAWARE.RCC\ Feature\ Protection\ of\ SYS\ system\ configuration\ bit\ Cid=-
RIF.RIFAWARE.RCC\ Feature\ Protection\ of\ SYS\ system\ configuration\ bit\ Secure=false
RIF.RIFAWARE.RCC\ Feature\ protection\ of\ ACLKN\ bus\ configuration\ bits\ Cid=-
RIF.RIFAWARE.RCC\ Feature\ protection\ of\ ACLKN\ bus\ configuration\ bits\ Secure=false
RIF.RIFAWARE.RCC\ Feature\ protection\ of\ ACLKNC\ bus\ configuration\ bits\ Cid=-
RIF.RIFAWARE.RCC\ Feature\ protection\ of\ ACLKNC\ bus\ configuration\ bits\ Secure=false
RIF.RIFAWARE.RCC\ Feature\ protection\ of\ AHB1\ bus\ configuration\ bits\ Cid=-
RIF.RIFAWARE.RCC\ Feature\ protection\ of\ AHB1\ bus\ configuration\ bits\ Secure=false
RIF.RIFAWARE.RCC\ Feature\ protection\ of\ AHB2\ bus\ configuration\ bits\ Cid=-
RIF.RIFAWARE.RCC\ Feature\ protection\ of\ AHB2\ bus\ configuration\ bits\ Secure=false
RIF.RIFAWARE.RCC\ Feature\ protection\ of\ AHB3\ bus\ configuration\ bits\ Cid=-
RIF.RIFAWARE.RCC\ Feature\ protection\ of\ AHB3\ bus\ configuration\ bits\ Secure=false
RIF.RIFAWARE.RCC\ Feature\ protection\ of\ AHB4\ bus\ configuration\ bits\ Cid=-
RIF.RIFAWARE.RCC\ Feature\ protection\ of\ AHB4\ bus\ configuration\ bits\ Secure=false
RIF.RIFAWARE.RCC\ Feature\ protection\ of\ AHB5\ bus\ configuration\ bits\ Cid=-
RIF.RIFAWARE.RCC\ Feature\ protection\ of\ AHB5\ bus\ configuration\ bits\ Secure=false
RIF.RIFAWARE.RCC\ Feature\ protection\ of\ AHBM\ bus\ configuration\ bits\ Cid=-
RIF.RIFAWARE.RCC\ Feature\ protection\ of\ AHBM\ bus\ configuration\ bits\ Secure=false
RIF.RIFAWARE.RCC\ Feature\ protection\ of\ APB1\ bus\ configuration\ bits\ Cid=-
RIF.RIFAWARE.RCC\ Feature\ protection\ of\ APB1\ bus\ configuration\ bits\ Secure=false
RIF.RIFAWARE.RCC\ Feature\ protection\ of\ APB2\ bus\ configuration\ bits\ Cid=-
RIF.RIFAWARE.RCC\ Feature\ protection\ of\ APB2\ bus\ configuration\ bits\ Secure=false
RIF.RIFAWARE.RCC\ Feature\ protection\ of\ APB3\ bus\ configuration\ bits\ Cid=-
RIF.RIFAWARE.RCC\ Feature\ protection\ of\ APB3\ bus\ configuration\ bits\ Secure=false
RIF.RIFAWARE.RCC\ Feature\ protection\ of\ APB4\ bus\ configuration\ bits\ Cid=-
RIF.RIFAWARE.RCC\ Feature\ protection\ of\ APB4\ bus\ configuration\ bits\ Secure=false
RIF.RIFAWARE.RCC\ Feature\ protection\ of\ APB5\ bus\ configuration\ bits\ Cid=-
RIF.RIFAWARE.RCC\ Feature\ protection\ of\ APB5\ bus\ configuration\ bits\ Secure=false
RIF.RIFAWARE.RCC\ Feature\ protection\ of\ NOC\ bus\ configuration\ bits\ Cid=-
RIF.RIFAWARE.RCC\ Feature\ protection\ of\ NOC\ bus\ configuration\ bits\ Secure=false
RIF.RIFAWARE.RTC\ Feature\ Alarm\ A\ and\ SSR\ underflow\ protection\u200B\ Cid=-
RIF.RIFAWARE.RTC\ Feature\ Alarm\ A\ and\ SSR\ underflow\ protection\u200B\ Secure=false
RIF.RIFAWARE.RTC\ Feature\ Alarm\ B\ protection\ Cid=-
RIF.RIFAWARE.RTC\ Feature\ Alarm\ B\ protection\ Secure=false
RIF.RIFAWARE.RTC\ Feature\ Initialization\ protection\ Cid=-
RIF.RIFAWARE.RTC\ Feature\ Initialization\ protection\ Secure=false
RIF.RIFAWARE.RTC\ Feature\ RTC\ global\ protection\ Cid=-
RIF.RIFAWARE.RTC\ Feature\ RTC\ global\ protection\ Secure=false
RIF.RIFAWARE.RTC\ Feature\ Shift\ register,\ daylight\ saving,\ calibration\ and\ reference\ clock\ protection\ Cid=-
RIF.RIFAWARE.RTC\ Feature\ Shift\ register,\ daylight\ saving,\ calibration\ and\ reference\ clock\ protection\ Secure=false
RIF.RIFAWARE.RTC\ Feature\ Timestamp\ protection\ Cid=-
RIF.RIFAWARE.RTC\ Feature\ Timestamp\ protection\ Secure=false
RIF.RIFAWARE.RTC\ Feature\ Wake-up\ timer\ protection\ Cid=-
RIF.RIFAWARE.RTC\ Feature\ Wake-up\ timer\ protection\ Secure=false
RIF.SDMMC1_CID_RIMU=0
RIF.VENC_CID_RIMU=0
RIF.default_config=false
SPI1.CLKPhase=SPI_PHASE_2EDGE
SPI1.CLKPolarity=SPI_POLARITY_HIGH
SPI1.DataSize=SPI_DATASIZE_8BIT
SPI1.Direction=SPI_DIRECTION_2LINES
SPI1.IPParameters=VirtualType,Mode,Direction,VirtualNSS,DataSize,CLKPolarity,CLKPhase
SPI1.Mode=SPI_MODE_SLAVE
SPI1.VirtualNSS=VM_NSSHARD
SPI1.VirtualType=VM_SLAVE
SPI5.BaudRatePrescaler=SPI_BAUDRATEPRESCALER_16
SPI5.CLKPhase=SPI_PHASE_2EDGE
SPI5.CLKPolarity=SPI_POLARITY_HIGH
SPI5.CalculateBaudRate=4.0 MBits/s
SPI5.DataSize=SPI_DATASIZE_8BIT
SPI5.Direction=SPI_DIRECTION_2LINES
SPI5.IPParameters=VirtualType,Mode,Direction,CalculateBaudRate,DataSize,BaudRatePrescaler,CLKPhase,CLKPolarity
SPI5.Mode=SPI_MODE_MASTER
SPI5.VirtualType=VM_MASTER
STMicroelectronics.X-CUBE-ALGOBUILD.1.4.0_AppNS.DSPOoLibraryJjLibrary_Checked=true
STMicroelectronics.X-CUBE-ALGOBUILD.1.4.0_AppNS.IPParameters=LibraryCcDSPOoLibraryJjDSPOoLibrary
STMicroelectronics.X-CUBE-ALGOBUILD.1.4.0_AppNS.LibraryCcDSPOoLibraryJjDSPOoLibrary=true
STMicroelectronics.X-CUBE-ALGOBUILD.1.4.0_AppNS_SwParameter=LibraryCcDSPOoLibraryJjDSPOoLibrary\:true;
SYS.userName=SYS_NS
TIM2.IPParameters=Prescaler
TIM2.Prescaler=399
TIM3.AutoReloadPreload=TIM_AUTORELOAD_PRELOAD_DISABLE
TIM3.IPParameters=Prescaler,AutoReloadPreload,PeriodNoDither
TIM3.PeriodNoDither=350
TIM3.Prescaler=399
TIM4.IPParameters=Prescaler,PeriodNoDither
TIM4.PeriodNoDither=50000
TIM4.Prescaler=399
TIM5.IPParameters=Prescaler
TIM5.Prescaler=39
TIM6.IPParameters=Prescaler
TIM6.Prescaler=32
TIM9.IPParameters=Prescaler
TIM9.Prescaler=399
VP_GPDMA1_VS_GPDMACH0.Mode=SIMPLEREQUEST_GPDMACH0
VP_GPDMA1_VS_GPDMACH0.Signal=GPDMA1_VS_GPDMACH0
VP_GPDMA1_VS_GPDMACH1.Mode=SIMPLEREQUEST_GPDMACH1
VP_GPDMA1_VS_GPDMACH1.Signal=GPDMA1_VS_GPDMACH1
VP_GPDMA1_VS_GPDMACH2.Mode=SIMPLEREQUEST_GPDMACH2
VP_GPDMA1_VS_GPDMACH2.Signal=GPDMA1_VS_GPDMACH2
VP_GPDMA1_VS_GPDMACH3.Mode=SIMPLEREQUEST_GPDMACH3
VP_GPDMA1_VS_GPDMACH3.Signal=GPDMA1_VS_GPDMACH3
VP_MEMORYMAP_VS_MEMORYMAP.Mode=CurAppReg
VP_MEMORYMAP_VS_MEMORYMAP.Signal=MEMORYMAP_VS_MEMORYMAP
VP_RIF_VS_RIF1.Mode=RISUP
VP_RIF_VS_RIF1.Signal=RIF_VS_RIF1
VP_STMicroelectronics.X-CUBE-ALGOBUILD_AppNS_VS_DSPOoLibraryJjLibrary_1.4.0_1.4.0.Mode=DSPOoLibraryJjLibrary
VP_STMicroelectronics.X-CUBE-ALGOBUILD_AppNS_VS_DSPOoLibraryJjLibrary_1.4.0_1.4.0.Signal=STMicroelectronics.X-CUBE-ALGOBUILD_AppNS_VS_DSPOoLibraryJjLibrary_1.4.0_1.4.0
VP_SYS_VS_Systick.Mode=SysTick
VP_SYS_VS_Systick.Signal=SYS_VS_Systick
VP_TIM1_VS_ClockSourceINT.Mode=Internal
VP_TIM1_VS_ClockSourceINT.Signal=TIM1_VS_ClockSourceINT
VP_TIM2_VS_ClockSourceINT.Mode=Internal
VP_TIM2_VS_ClockSourceINT.Signal=TIM2_VS_ClockSourceINT
VP_TIM3_VS_ClockSourceINT.Mode=Internal
VP_TIM3_VS_ClockSourceINT.Signal=TIM3_VS_ClockSourceINT
VP_TIM4_VS_ClockSourceINT.Mode=Internal
VP_TIM4_VS_ClockSourceINT.Signal=TIM4_VS_ClockSourceINT
VP_TIM5_VS_ClockSourceINT.Mode=Internal
VP_TIM5_VS_ClockSourceINT.Signal=TIM5_VS_ClockSourceINT
VP_TIM6_VS_ClockSourceINT.Mode=Enable_Timer
VP_TIM6_VS_ClockSourceINT.Signal=TIM6_VS_ClockSourceINT
VP_TIM9_VS_ClockSourceINT.Mode=Internal
VP_TIM9_VS_ClockSourceINT.Signal=TIM9_VS_ClockSourceINT
VP_XSPI2_VS_octo.Mode=octo_mode
VP_XSPI2_VS_octo.Signal=XSPI2_VS_octo
VP_XSPIM_VS_IO.Mode=Direct2
VP_XSPIM_VS_IO.Signal=XSPIM_VS_IO
board=custom
